
Microsoft Visual Studio Solution File, Format Version 12.00
# Visual Studio Version 16
VisualStudioVersion = 16.0.30406.217
MinimumVisualStudioVersion = 10.0.40219.1
Project("{FAE04EC0-301F-11D3-BF4B-00C04F79EFBC}") = "VectorCalculation", "VectorCalculation.csproj", "{AA754014-968E-4A65-AD50-D9E37505C4A5}"
EndProject
Global
	GlobalSection(SolutionConfigurationPlatforms) = preSolution
		Debug|Any CPU = Debug|Any CPU
		Release|Any CPU = Release|Any CPU
	EndGlobalSection
	GlobalSection(ProjectConfigurationPlatforms) = postSolution
		{AA754014-968E-4A65-AD50-D9E37505C4A5}.Debug|Any CPU.ActiveCfg = Debug|Any CPU
		{AA754014-968E-4A65-AD50-D9E37505C4A5}.Debug|Any CPU.Build.0 = Debug|Any CPU
		{AA754014-968E-4A65-AD50-D9E37505C4A5}.Release|Any CPU.ActiveCfg = Release|Any CPU
		{AA754014-968E-4A65-AD50-D9E37505C4A5}.Release|Any CPU.Build.0 = Release|Any CPU
	EndGlobalSection
	GlobalSection(SolutionProperties) = preSolution
		HideSolutionNode = FALSE
	EndGlobalSection
	GlobalSection(ExtensibilityGlobals) = postSolution
		SolutionGuid = {C35F19F6-ED65-4438-9BD3-6BD1A21C48EC}
	EndGlobalSection
EndGlobal
